
Microsoft Visual Studio Solution File, Format Version 12.00
# Visual Studio 15
VisualStudioVersion = 15.0.27004.2006
MinimumVisualStudioVersion = 10.0.40219.1
Project("{FAE04EC0-301F-11D3-BF4B-00C04F79EFBC}") = "HyperTodo", "HyperTodo\HyperTodo.csproj", "{E9998CC9-A49B-4119-8F0A-A23DC0FDD806}"
EndProject
Global
	GlobalSection(SolutionConfigurationPlatforms) = preSolution
		Debug|Any CPU = Debug|Any CPU
		Release|Any CPU = Release|Any CPU
	EndGlobalSection
	GlobalSection(ProjectConfigurationPlatforms) = postSolution
		{E9998CC9-A49B-4119-8F0A-A23DC0FDD806}.Debug|Any CPU.ActiveCfg = Debug|Any CPU
		{E9998CC9-A49B-4119-8F0A-A23DC0FDD806}.Debug|Any CPU.Build.0 = Debug|Any CPU
		{E9998CC9-A49B-4119-8F0A-A23DC0FDD806}.Release|Any CPU.ActiveCfg = Release|Any CPU
		{E9998CC9-A49B-4119-8F0A-A23DC0FDD806}.Release|Any CPU.Build.0 = Release|Any CPU
	EndGlobalSection
	GlobalSection(SolutionProperties) = preSolution
		HideSolutionNode = FALSE
	EndGlobalSection
	GlobalSection(ExtensibilityGlobals) = postSolution
		SolutionGuid = {70FF63AB-B747-4230-B044-28FB6847E002}
	EndGlobalSection
EndGlobal
